
Microsoft Visual Studio Solution File, Format Version 11.00
# Visual Studio 2010
Project("{FAE04EC0-301F-11D3-BF4B-00C04F79EFBC}") = "Assembly-CSharp", "Assembly-CSharp.csproj", "{d4d80e54-3fbe-46f7-dd71-17743580e67a}"
EndProject
Project("{FAE04EC0-301F-11D3-BF4B-00C04F79EFBC}") = "Assembly-CSharp-Editor", "Assembly-CSharp-Editor.csproj", "{4398e117-3849-ca3b-75c3-6e7f479ee7b2}"
EndProject
Global
	GlobalSection(SolutionConfigurationPlatforms) = preSolution
		Debug|Any CPU = Debug|Any CPU
	EndGlobalSection
	GlobalSection(ProjectConfigurationPlatforms) = postSolution
		{d4d80e54-3fbe-46f7-dd71-17743580e67a}.Debug|Any CPU.ActiveCfg = Debug|Any CPU
		{d4d80e54-3fbe-46f7-dd71-17743580e67a}.Debug|Any CPU.Build.0 = Debug|Any CPU
		{4398e117-3849-ca3b-75c3-6e7f479ee7b2}.Debug|Any CPU.ActiveCfg = Debug|Any CPU
		{4398e117-3849-ca3b-75c3-6e7f479ee7b2}.Debug|Any CPU.Build.0 = Debug|Any CPU
	EndGlobalSection
	GlobalSection(SolutionProperties) = preSolution
		HideSolutionNode = FALSE
	EndGlobalSection
EndGlobal
